
Microsoft Visual Studio Solution File, Format Version 12.00
# Visual Studio Version 16
VisualStudioVersion = 16.0.30011.22
MinimumVisualStudioVersion = 10.0.40219.1
Project("{FAE04EC0-301F-11D3-BF4B-00C04F79EFBC}") = "JamesStuartMediaLimited", "JamesStuartMediaLimited\JamesStuartMediaLimited.csproj", "{47E146F2-E8B5-40A8-A3A1-056B5AFAB074}"
EndProject
Global
	GlobalSection(SolutionConfigurationPlatforms) = preSolution
		Debug|Any CPU = Debug|Any CPU
		Release|Any CPU = Release|Any CPU
	EndGlobalSection
	GlobalSection(ProjectConfigurationPlatforms) = postSolution
		{47E146F2-E8B5-40A8-A3A1-056B5AFAB074}.Debug|Any CPU.ActiveCfg = Debug|Any CPU
		{47E146F2-E8B5-40A8-A3A1-056B5AFAB074}.Debug|Any CPU.Build.0 = Debug|Any CPU
		{47E146F2-E8B5-40A8-A3A1-056B5AFAB074}.Release|Any CPU.ActiveCfg = Release|Any CPU
		{47E146F2-E8B5-40A8-A3A1-056B5AFAB074}.Release|Any CPU.Build.0 = Release|Any CPU
	EndGlobalSection
	GlobalSection(SolutionProperties) = preSolution
		HideSolutionNode = FALSE
	EndGlobalSection
	GlobalSection(ExtensibilityGlobals) = postSolution
		SolutionGuid = {42CE3C44-206D-4C50-9D47-B2D8DD01765D}
	EndGlobalSection
EndGlobal
